// !$*UTF8*$!
{
	archiveVersion = 1;
	classes = {
	};
	objectVersion = 46;
	objects = {

/* Begin PBXBuildFile section */
		DEFCE9E01C1757DC009BDB81 /* AppDelegate.swift in Sources */ = {isa = PBXBuildFile; fileRef = DEFCE9DF1C1757DC009BDB81 /* AppDelegate.swift */; };
		DEFCE9E21C1757DC009BDB81 /* ViewController.swift in Sources */ = {isa = PBXBuildFile; fileRef = DEFCE9E11C1757DC009BDB81 /* ViewController.swift */; };
		DEFCE9E51C1757DC009BDB81 /* Main.storyboard in Resources */ = {isa = PBXBuildFile; fileRef = DEFCE9E31C1757DC009BDB81 /* Main.storyboard */; };
		DEFCE9E71C1757DC009BDB81 /* Images.xcassets in Resources */ = {isa = PBXBuildFile; fileRef = DEFCE9E61C1757DC009BDB81 /* Images.xcassets */; };
		DEFCE9EA1C1757DC009BDB81 /* LaunchScreen.xib in Resources */ = {isa = PBXBuildFile; fileRef = DEFCE9E81C1757DC009BDB81 /* LaunchScreen.xib */; };
		DEFCE9F61C1757DC009BDB81 /* PANKTests.swift in Sources */ = {isa = PBXBuildFile; fileRef = DEFCE9F51C1757DC009BDB81 /* PANKTests.swift */; };
/* End PBXBuildFile section */

/* Begin PBXContainerItemProxy section */
		DEFCE9F01C1757DC009BDB81 /* PBXContainerItemProxy */ = {
			isa = PBXContainerItemProxy;
			containerPortal = DEFCE9D21C1757DB009BDB81 /* Project object */;
			proxyType = 1;
			remoteGlobalIDString = DEFCE9D91C1757DB009BDB81;
			remoteInfo = PANK;
		};
/* End PBXContainerItemProxy section */

/* Begin PBXFileReference section */
		DEFCE9DA1C1757DB009BDB81 /* PANK.app */ = {isa = PBXFileReference; explicitFileType = wrapper.application; includeInIndex = 0; path = PANK.app; sourceTree = BUILT_PRODUCTS_DIR; };
		DEFCE9DE1C1757DC009BDB81 /* Info.plist */ = {isa = PBXFileReference; lastKnownFileType = text.plist.xml; path = Info.plist; sourceTree = "<group>"; };
		DEFCE9DF1C1757DC009BDB81 /* AppDelegate.swift */ = {isa = PBXFileReference; lastKnownFileType = sourcecode.swift; path = AppDelegate.swift; sourceTree = "<group>"; };
		DEFCE9E11C1757DC009BDB81 /* ViewController.swift */ = {isa = PBXFileReference; lastKnownFileType = sourcecode.swift; path = ViewController.swift; sourceTree = "<group>"; };
		DEFCE9E41C1757DC009BDB81 /* Base */ = {isa = PBXFileReference; lastKnownFileType = file.storyboard; name = Base; path = Base.lproj/Main.storyboard; sourceTree = "<group>"; };
		DEFCE9E61C1757DC009BDB81 /* Images.xcassets */ = {isa = PBXFileReference; lastKnownFileType = folder.assetcatalog; path = Images.xcassets; sourceTree = "<group>"; };
		DEFCE9E91C1757DC009BDB81 /* Base */ = {isa = PBXFileReference; lastKnownFileType = file.xib; name = Base; path = Base.lproj/LaunchScreen.xib; sourceTree = "<group>"; };
		DEFCE9EF1C1757DC009BDB81 /* PANKTests.xctest */ = {isa = PBXFileReference; explicitFileType = wrapper.cfbundle; includeInIndex = 0; path = PANKTests.xctest; sourceTree = BUILT_PRODUCTS_DIR; };
		DEFCE9F41C1757DC009BDB81 /* Info.plist */ = {isa = PBXFileReference; lastKnownFileType = text.plist.xml; path = Info.plist; sourceTree = "<group>"; };
		DEFCE9F51C1757DC009BDB81 /* PANKTests.swift */ = {isa = PBXFileReference; lastKnownFileType = sourcecode.swift; path = PANKTests.swift; sourceTree = "<group>"; };
/* End PBXFileReference section */

/* Begin PBXFrameworksBuildPhase section */
		DEFCE9D71C1757DB009BDB81 /* Frameworks */ = {
			isa = PBXFrameworksBuildPhase;
			buildActionMask = 2147483647;
			files = (
			);
			runOnlyForDeploymentPostprocessing = 0;
		};
		DEFCE9EC1C1757DC009BDB81 /* Frameworks */ = {
			isa = PBXFrameworksBuildPhase;
			buildActionMask = 2147483647;
			files = (
			);
			runOnlyForDeploymentPostprocessing = 0;
		};
/* End PBXFrameworksBuildPhase section */

/* Begin PBXGroup section */
		DEFCE9D11C1757DB009BDB81 = {
			isa = PBXGroup;
			children = (
				DEFCE9DC1C1757DB009BDB81 /* PANK */,
				DEFCE9F21C1757DC009BDB81 /* PANKTests */,
				DEFCE9DB1C1757DB009BDB81 /* Products */,
			);
			sourceTree = "<group>";
		};
		DEFCE9DB1C1757DB009BDB81 /* Products */ = {
			isa = PBXGroup;
			children = (
				DEFCE9DA1C1757DB009BDB81 /* PANK.app */,
				DEFCE9EF1C1757DC009BDB81 /* PANKTests.xctest */,
			);
			name = Products;
			sourceTree = "<group>";
		};
		DEFCE9DC1C1757DB009BDB81 /* PANK */ = {
			isa = PBXGroup;
			children = (
				DEFCE9DF1C1757DC009BDB81 /* AppDelegate.swift */,
				DEFCE9E11C1757DC009BDB81 /* ViewController.swift */,
				DEFCE9E31C1757DC009BDB81 /* Main.storyboard */,
				DEFCE9E61C1757DC009BDB81 /* Images.xcassets */,
				DEFCE9E81C1757DC009BDB81 /* LaunchScreen.xib */,
				DEFCE9DD1C1757DB009BDB81 /* Supporting Files */,
			);
			path = PANK;
			sourceTree = "<group>";
		};
		DEFCE9DD1C1757DB009BDB81 /* Supporting Files */ = {
			isa = PBXGroup;
			children = (
				DEFCE9DE1C1757DC009BDB81 /* Info.plist */,
			);
			name = "Supporting Files";
			sourceTree = "<group>";
		};
		DEFCE9F21C1757DC009BDB81 /* PANKTests */ = {
			isa = PBXGroup;
			children = (
				DEFCE9F51C1757DC009BDB81 /* PANKTests.swift */,
				DEFCE9F31C1757DC009BDB81 /* Supporting Files */,
			);
			path = PANKTests;
			sourceTree = "<group>";
		};
		DEFCE9F31C1757DC009BDB81 /* Supporting Files */ = {
			isa = PBXGroup;
			children = (
				DEFCE9F41C1757DC009BDB81 /* Info.plist */,
			);
			name = "Supporting Files";
			sourceTree = "<group>";
		};
/* End PBXGroup section */

/* Begin PBXNativeTarget section */
		DEFCE9D91C1757DB009BDB81 /* PANK */ = {
			isa = PBXNativeTarget;
			buildConfigurationList = DEFCE9F91C1757DC009BDB81 /* Build configuration list for PBXNativeTarget "PANK" */;
			buildPhases = (
				DEFCE9D61C1757DB009BDB81 /* Sources */,
				DEFCE9D71C1757DB009BDB81 /* Frameworks */,
				DEFCE9D81C1757DB009BDB81 /* Resources */,
			);
			buildRules = (
			);
			dependencies = (
			);
			name = PANK;
			productName = PANK;
			productReference = DEFCE9DA1C1757DB009BDB81 /* PANK.app */;
			productType = "com.apple.product-type.application";
		};
		DEFCE9EE1C1757DC009BDB81 /* PANKTests */ = {
			isa = PBXNativeTarget;
			buildConfigurationList = DEFCE9FC1C1757DC009BDB81 /* Build configuration list for PBXNativeTarget "PANKTests" */;
			buildPhases = (
				DEFCE9EB1C1757DC009BDB81 /* Sources */,
				DEFCE9EC1C1757DC009BDB81 /* Frameworks */,
				DEFCE9ED1C1757DC009BDB81 /* Resources */,
			);
			buildRules = (
			);
			dependencies = (
				DEFCE9F11C1757DC009BDB81 /* PBXTargetDependency */,
			);
			name = PANKTests;
			productName = PANKTests;
			productReference = DEFCE9EF1C1757DC009BDB81 /* PANKTests.xctest */;
			productType = "com.apple.product-type.bundle.unit-test";
		};
/* End PBXNativeTarget section */

/* Begin PBXProject section */
		DEFCE9D21C1757DB009BDB81 /* Project object */ = {
			isa = PBXProject;
			attributes = {
				LastUpgradeCheck = 0640;
				ORGANIZATIONNAME = "Anders Hellström";
				TargetAttributes = {
					DEFCE9D91C1757DB009BDB81 = {
						CreatedOnToolsVersion = 6.4;
					};
					DEFCE9EE1C1757DC009BDB81 = {
						CreatedOnToolsVersion = 6.4;
						TestTargetID = DEFCE9D91C1757DB009BDB81;
					};
				};
			};
			buildConfigurationList = DEFCE9D51C1757DB009BDB81 /* Build configuration list for PBXProject "PANK" */;
			compatibilityVersion = "Xcode 3.2";
			developmentRegion = English;
			hasScannedForEncodings = 0;
			knownRegions = (
				en,
				Base,
			);
			mainGroup = DEFCE9D11C1757DB009BDB81;
			productRefGroup = DEFCE9DB1C1757DB009BDB81 /* Products */;
			projectDirPath = "";
			projectRoot = "";
			targets = (
				DEFCE9D91C1757DB009BDB81 /* PANK */,
				DEFCE9EE1C1757DC009BDB81 /* PANKTests */,
			);
		};
/* End PBXProject section */

/* Begin PBXResourcesBuildPhase section */
		DEFCE9D81C1757DB009BDB81 /* Resources */ = {
			isa = PBXResourcesBuildPhase;
			buildActionMask = 2147483647;
			files = (
				DEFCE9E51C1757DC009BDB81 /* Main.storyboard in Resources */,
				DEFCE9EA1C1757DC009BDB81 /* LaunchScreen.xib in Resources */,
				DEFCE9E71C1757DC009BDB81 /* Images.xcassets in Resources */,
			);
			runOnlyForDeploymentPostprocessing = 0;
		};
		DEFCE9ED1C1757DC009BDB81 /* Resources */ = {
			isa = PBXResourcesBuildPhase;
			buildActionMask = 2147483647;
			files = (
			);
			runOnlyForDeploymentPostprocessing = 0;
		};
/* End PBXResourcesBuildPhase section */

/* Begin PBXSourcesBuildPhase section */
		DEFCE9D61C1757DB009BDB81 /* Sources */ = {
			isa = PBXSourcesBuildPhase;
			buildActionMask = 2147483647;
			files = (
				DEFCE9E21C1757DC009BDB81 /* ViewController.swift in Sources */,
				DEFCE9E01C1757DC009BDB81 /* AppDelegate.swift in Sources */,
			);
			runOnlyForDeploymentPostprocessing = 0;
		};
		DEFCE9EB1C1757DC009BDB81 /* Sources */ = {
			isa = PBXSourcesBuildPhase;
			buildActionMask = 2147483647;
			files = (
				DEFCE9F61C1757DC009BDB81 /* PANKTests.swift in Sources */,
			);
			runOnlyForDeploymentPostprocessing = 0;
		};
/* End PBXSourcesBuildPhase section */

/* Begin PBXTargetDependency section */
		DEFCE9F11C1757DC009BDB81 /* PBXTargetDependency */ = {
			isa = PBXTargetDependency;
			target = DEFCE9D91C1757DB009BDB81 /* PANK */;
			targetProxy = DEFCE9F01C1757DC009BDB81 /* PBXContainerItemProxy */;
		};
/* End PBXTargetDependency section */

/* Begin PBXVariantGroup section */
		DEFCE9E31C1757DC009BDB81 /* Main.storyboard */ = {
			isa = PBXVariantGroup;
			children = (
				DEFCE9E41C1757DC009BDB81 /* Base */,
			);
			name = Main.storyboard;
			sourceTree = "<group>";
		};
		DEFCE9E81C1757DC009BDB81 /* LaunchScreen.xib */ = {
			isa = PBXVariantGroup;
			children = (
				DEFCE9E91C1757DC009BDB81 /* Base */,
			);
			name = LaunchScreen.xib;
			sourceTree = "<group>";
		};
/* End PBXVariantGroup section */

/* Begin XCBuildConfiguration section */
		DEFCE9F71C1757DC009BDB81 /* Debug */ = {
			isa = XCBuildConfiguration;
			buildSettings = {
				ALWAYS_SEARCH_USER_PATHS = NO;
				CLANG_CXX_LANGUAGE_STANDARD = "gnu++0x";
				CLANG_CXX_LIBRARY = "libc++";
				CLANG_ENABLE_MODULES = YES;
				CLANG_ENABLE_OBJC_ARC = YES;
				CLANG_WARN_BOOL_CONVERSION = YES;
				CLANG_WARN_CONSTANT_CONVERSION = YES;
				CLANG_WARN_DIRECT_OBJC_ISA_USAGE = YES_ERROR;
				CLANG_WARN_EMPTY_BODY = YES;
				CLANG_WARN_ENUM_CONVERSION = YES;
				CLANG_WARN_INT_CONVERSION = YES;
				CLANG_WARN_OBJC_ROOT_CLASS = YES_ERROR;
				CLANG_WARN_UNREACHABLE_CODE = YES;
				CLANG_WARN__DUPLICATE_METHOD_MATCH = YES;
				"CODE_SIGN_IDENTITY[sdk=iphoneos*]" = "iPhone Developer";
				COPY_PHASE_STRIP = NO;
				DEBUG_INFORMATION_FORMAT = "dwarf-with-dsym";
				ENABLE_STRICT_OBJC_MSGSEND = YES;
				GCC_C_LANGUAGE_STANDARD = gnu99;
				GCC_DYNAMIC_NO_PIC = NO;
				GCC_NO_COMMON_BLOCKS = YES;
				GCC_OPTIMIZATION_LEVEL = 0;
				GCC_PREPROCESSOR_DEFINITIONS = (
					"DEBUG=1",
					"$(inherited)",
				);
				GCC_SYMBOLS_PRIVATE_EXTERN = NO;
				GCC_WARN_64_TO_32_BIT_CONVERSION = YES;
				GCC_WARN_ABOUT_RETURN_TYPE = YES_ERROR;
				GCC_WARN_UNDECLARED_SELECTOR = YES;
				GCC_WARN_UNINITIALIZED_AUTOS = YES_AGGRESSIVE;
				GCC_WARN_UNUSED_FUNCTION = YES;
				GCC_WARN_UNUSED_VARIABLE = YES;
				IPHONEOS_DEPLOYMENT_TARGET = 8.4;
				MTL_ENABLE_DEBUG_INFO = YES;
				ONLY_ACTIVE_ARCH = YES;
				SDKROOT = iphoneos;
				SWIFT_OPTIMIZATION_LEVEL = "-Onone";
				TARGETED_DEVICE_FAMILY = "1,2";
			};
			name = Debug;
		};
		DEFCE9F81C1757DC009BDB81 /* Release */ = {
			isa = XCBuildConfiguration;
			buildSettings = {
				ALWAYS_SEARCH_USER_PATHS = NO;
				CLANG_CXX_LANGUAGE_STANDARD = "gnu++0x";
				CLANG_CXX_LIBRARY = "libc++";
				CLANG_ENABLE_MODULES = YES;
				CLANG_ENABLE_OBJC_ARC = YES;
				CLANG_WARN_BOOL_CONVERSION = YES;
				CLANG_WARN_CONSTANT_CONVERSION = YES;
				CLANG_WARN_DIRECT_OBJC_ISA_USAGE = YES_ERROR;
				CLANG_WARN_EMPTY_BODY = YES;
				CLANG_WARN_ENUM_CONVERSION = YES;
				CLANG_WARN_INT_CONVERSION = YES;
				CLANG_WARN_OBJC_ROOT_CLASS = YES_ERROR;
				CLANG_WARN_UNREACHABLE_CODE = YES;
				CLANG_WARN__DUPLICATE_METHOD_MATCH = YES;
				"CODE_SIGN_IDENTITY[sdk=iphoneos*]" = "iPhone Developer";
				COPY_PHASE_STRIP = NO;
				DEBUG_INFORMATION_FORMAT = "dwarf-with-dsym";
				ENABLE_NS_ASSERTIONS = NO;
				ENABLE_STRICT_OBJC_MSGSEND = YES;
				GCC_C_LANGUAGE_STANDARD = gnu99;
				GCC_NO_COMMON_BLOCKS = YES;
				GCC_WARN_64_TO_32_BIT_CONVERSION = YES;
				GCC_WARN_ABOUT_RETURN_TYPE = YES_ERROR;
				GCC_WARN_UNDECLARED_SELECTOR = YES;
				GCC_WARN_UNINITIALIZED_AUTOS = YES_AGGRESSIVE;
				GCC_WARN_UNUSED_FUNCTION = YES;
				GCC_WARN_UNUSED_VARIABLE = YES;
				IPHONEOS_DEPLOYMENT_TARGET = 8.4;
				MTL_ENABLE_DEBUG_INFO = NO;
				SDKROOT = iphoneos;
				TARGETED_DEVICE_FAMILY = "1,2";
				VALIDATE_PRODUCT = YES;
			};
			name = Release;
		};
		DEFCE9FA1C1757DC009BDB81 /* Debug */ = {
			isa = XCBuildConfiguration;
			buildSettings = {
				ASSETCATALOG_COMPILER_APPICON_NAME = AppIcon;
				INFOPLIST_FILE = PANK/Info.plist;
				LD_RUNPATH_SEARCH_PATHS = "$(inherited) @executable_path/Frameworks";
				PRODUCT_NAME = "$(TARGET_NAME)";
			};
			name = Debug;
		};
		DEFCE9FB1C1757DC009BDB81 /* Release */ = {
			isa = XCBuildConfiguration;
			buildSettings = {
				ASSETCATALOG_COMPILER_APPICON_NAME = AppIcon;
				INFOPLIST_FILE = PANK/Info.plist;
				LD_RUNPATH_SEARCH_PATHS = "$(inherited) @executable_path/Frameworks";
				PRODUCT_NAME = "$(TARGET_NAME)";
			};
			name = Release;
		};
		DEFCE9FD1C1757DC009BDB81 /* Debug */ = {
			isa = XCBuildConfiguration;
			buildSettings = {
				BUNDLE_LOADER = "$(TEST_HOST)";
				FRAMEWORK_SEARCH_PATHS = (
					"$(SDKROOT)/Developer/Library/Frameworks",
					"$(inherited)",
				);
				GCC_PREPROCESSOR_DEFINITIONS = (
					"DEBUG=1",
					"$(inherited)",
				);
				INFOPLIST_FILE = PANKTests/Info.plist;
				LD_RUNPATH_SEARCH_PATHS = "$(inherited) @executable_path/Frameworks @loader_path/Frameworks";
				PRODUCT_NAME = "$(TARGET_NAME)";
				TEST_HOST = "$(BUILT_PRODUCTS_DIR)/PANK.app/PANK";
			};
			name = Debug;
		};
		DEFCE9FE1C1757DC009BDB81 /* Release */ = {
			isa = XCBuildConfiguration;
			buildSettings = {
				BUNDLE_LOADER = "$(TEST_HOST)";
				FRAMEWORK_SEARCH_PATHS = (
					"$(SDKROOT)/Developer/Library/Frameworks",
					"$(inherited)",
				);
				INFOPLIST_FILE = PANKTests/Info.plist;
				LD_RUNPATH_SEARCH_PATHS = "$(inherited) @executable_path/Frameworks @loader_path/Frameworks";
				PRODUCT_NAME = "$(TARGET_NAME)";
				TEST_HOST = "$(BUILT_PRODUCTS_DIR)/PANK.app/PANK";
			};
			name = Release;
		};
/* End XCBuildConfiguration section */

/* Begin XCConfigurationList section */
		DEFCE9D51C1757DB009BDB81 /* Build configuration list for PBXProject "PANK" */ = {
			isa = XCConfigurationList;
			buildConfigurations = (
				DEFCE9F71C1757DC009BDB81 /* Debug */,
				DEFCE9F81C1757DC009BDB81 /* Release */,
			);
			defaultConfigurationIsVisible = 0;
			defaultConfigurationName = Release;
		};
		DEFCE9F91C1757DC009BDB81 /* Build configuration list for PBXNativeTarget "PANK" */ = {
			isa = XCConfigurationList;
			buildConfigurations = (
				DEFCE9FA1C1757DC009BDB81 /* Debug */,
				DEFCE9FB1C1757DC009BDB81 /* Release */,
			);
			defaultConfigurationIsVisible = 0;
		};
		DEFCE9FC1C1757DC009BDB81 /* Build configuration list for PBXNativeTarget "PANKTests" */ = {
			isa = XCConfigurationList;
			buildConfigurations = (
				DEFCE9FD1C1757DC009BDB81 /* Debug */,
				DEFCE9FE1C1757DC009BDB81 /* Release */,
			);
			defaultConfigurationIsVisible = 0;
		};
/* End XCConfigurationList section */
	};
	rootObject = DEFCE9D21C1757DB009BDB81 /* Project object */;
}
